
Microsoft Visual Studio Solution File, Format Version 12.00
# Visual Studio Version 16
VisualStudioVersion = 16.0.31624.102
MinimumVisualStudioVersion = 10.0.40219.1
Project("{FAE04EC0-301F-11D3-BF4B-00C04F79EFBC}") = "ContratoDeTrabalho", "ContratoDeTrabalho\ContratoDeTrabalho.csproj", "{709D80C1-E8F9-4F4C-AEB2-EEB4D67597AD}"
EndProject
Global
	GlobalSection(SolutionConfigurationPlatforms) = preSolution
		Debug|Any CPU = Debug|Any CPU
		Release|Any CPU = Release|Any CPU
	EndGlobalSection
	GlobalSection(ProjectConfigurationPlatforms) = postSolution
		{709D80C1-E8F9-4F4C-AEB2-EEB4D67597AD}.Debug|Any CPU.ActiveCfg = Debug|Any CPU
		{709D80C1-E8F9-4F4C-AEB2-EEB4D67597AD}.Debug|Any CPU.Build.0 = Debug|Any CPU
		{709D80C1-E8F9-4F4C-AEB2-EEB4D67597AD}.Release|Any CPU.ActiveCfg = Release|Any CPU
		{709D80C1-E8F9-4F4C-AEB2-EEB4D67597AD}.Release|Any CPU.Build.0 = Release|Any CPU
	EndGlobalSection
	GlobalSection(SolutionProperties) = preSolution
		HideSolutionNode = FALSE
	EndGlobalSection
	GlobalSection(ExtensibilityGlobals) = postSolution
		SolutionGuid = {3B0C711A-4AE0-46FD-AD50-58DE6414067F}
	EndGlobalSection
EndGlobal
